// !$*UTF8*$!
{
	archiveVersion = 1;
	classes = {
	};
	objectVersion = 56;
	objects = {

/* Begin PBXBuildFile section */
		040B48652AD5CC4F007E4638 /* AppDelegate.swift in Sources */ = {isa = PBXBuildFile; fileRef = 040B48642AD5CC4F007E4638 /* AppDelegate.swift */; };
		040B48672AD5CC4F007E4638 /* SceneDelegate.swift in Sources */ = {isa = PBXBuildFile; fileRef = 040B48662AD5CC4F007E4638 /* SceneDelegate.swift */; };
		040B48692AD5CC4F007E4638 /* ViewController.swift in Sources */ = {isa = PBXBuildFile; fileRef = 040B48682AD5CC4F007E4638 /* ViewController.swift */; };
		040B486C2AD5CC4F007E4638 /* Main.storyboard in Resources */ = {isa = PBXBuildFile; fileRef = 040B486A2AD5CC4F007E4638 /* Main.storyboard */; };
		040B486E2AD5CC52007E4638 /* Assets.xcassets in Resources */ = {isa = PBXBuildFile; fileRef = 040B486D2AD5CC52007E4638 /* Assets.xcassets */; };
		040B48712AD5CC52007E4638 /* LaunchScreen.storyboard in Resources */ = {isa = PBXBuildFile; fileRef = 040B486F2AD5CC52007E4638 /* LaunchScreen.storyboard */; };
		648415F72AD7E77E0064BA90 /* ArtistViewController.swift in Sources */ = {isa = PBXBuildFile; fileRef = 648415F62AD7E77E0064BA90 /* ArtistViewController.swift */; };
		648415F92AD81F1A0064BA90 /* AlbumCollectionViewCell.swift in Sources */ = {isa = PBXBuildFile; fileRef = 648415F82AD81F1A0064BA90 /* AlbumCollectionViewCell.swift */; };
		648415FB2AD847330064BA90 /* TrackList.swift in Sources */ = {isa = PBXBuildFile; fileRef = 648415FA2AD847330064BA90 /* TrackList.swift */; };
		C4010A0C2AD6894800CCC95B /* HomeViewController.swift in Sources */ = {isa = PBXBuildFile; fileRef = C4010A0B2AD6894800CCC95B /* HomeViewController.swift */; };
		C4010A0E2AD6899600CCC95B /* SearchViewController.swift in Sources */ = {isa = PBXBuildFile; fileRef = C4010A0D2AD6899600CCC95B /* SearchViewController.swift */; };
		C4010A112AD691CE00CCC95B /* artist.swift in Sources */ = {isa = PBXBuildFile; fileRef = C4010A102AD691CE00CCC95B /* artist.swift */; };
		C4010A132AD6924500CCC95B /* album.swift in Sources */ = {isa = PBXBuildFile; fileRef = C4010A122AD6924500CCC95B /* album.swift */; };
		C4010A162AD694AD00CCC95B /* genre.swift in Sources */ = {isa = PBXBuildFile; fileRef = C4010A152AD694AD00CCC95B /* genre.swift */; };
		C4010A192AD694D100CCC95B /* track.swift in Sources */ = {isa = PBXBuildFile; fileRef = C4010A182AD694D100CCC95B /* track.swift */; };
		C4010A1B2AD6C5B900CCC95B /* homeCollectionViewCell.swift in Sources */ = {isa = PBXBuildFile; fileRef = C4010A1A2AD6C5B900CCC95B /* homeCollectionViewCell.swift */; };
		C48FC2A22AD7DC7700C39E09 /* AudioPlayer.swift in Sources */ = {isa = PBXBuildFile; fileRef = C48FC2A12AD7DC7700C39E09 /* AudioPlayer.swift */; };
		C48FC2A52AD7E38900C39E09 /* ArtistCollectionViewCell.swift in Sources */ = {isa = PBXBuildFile; fileRef = C48FC2A42AD7E38900C39E09 /* ArtistCollectionViewCell.swift */; };
		C48FC2A72AD7E3B700C39E09 /* TapGestureRecognizerWithId.swift in Sources */ = {isa = PBXBuildFile; fileRef = C48FC2A62AD7E3B700C39E09 /* TapGestureRecognizerWithId.swift */; };
		C48FC2A92AD82FFF00C39E09 /* TrackListViewController.swift in Sources */ = {isa = PBXBuildFile; fileRef = C48FC2A82AD82FFF00C39E09 /* TrackListViewController.swift */; };
		C48FC2AB2AD835D100C39E09 /* trackTableViewCell.swift in Sources */ = {isa = PBXBuildFile; fileRef = C48FC2AA2AD835D100C39E09 /* trackTableViewCell.swift */; };
		C4F9F6342AD6F56E00402808 /* PlayerViewController.swift in Sources */ = {isa = PBXBuildFile; fileRef = C4F9F6332AD6F56E00402808 /* PlayerViewController.swift */; };
/* End PBXBuildFile section */

/* Begin PBXFileReference section */
		040B48612AD5CC4F007E4638 /* musicWave.app */ = {isa = PBXFileReference; explicitFileType = wrapper.application; includeInIndex = 0; path = musicWave.app; sourceTree = BUILT_PRODUCTS_DIR; };
		040B48642AD5CC4F007E4638 /* AppDelegate.swift */ = {isa = PBXFileReference; lastKnownFileType = sourcecode.swift; path = AppDelegate.swift; sourceTree = "<group>"; };
		040B48662AD5CC4F007E4638 /* SceneDelegate.swift */ = {isa = PBXFileReference; lastKnownFileType = sourcecode.swift; path = SceneDelegate.swift; sourceTree = "<group>"; };
		040B48682AD5CC4F007E4638 /* ViewController.swift */ = {isa = PBXFileReference; lastKnownFileType = sourcecode.swift; path = ViewController.swift; sourceTree = "<group>"; };
		040B486B2AD5CC4F007E4638 /* Base */ = {isa = PBXFileReference; lastKnownFileType = file.storyboard; name = Base; path = Base.lproj/Main.storyboard; sourceTree = "<group>"; };
		040B486D2AD5CC52007E4638 /* Assets.xcassets */ = {isa = PBXFileReference; lastKnownFileType = folder.assetcatalog; path = Assets.xcassets; sourceTree = "<group>"; };
		040B48702AD5CC52007E4638 /* Base */ = {isa = PBXFileReference; lastKnownFileType = file.storyboard; name = Base; path = Base.lproj/LaunchScreen.storyboard; sourceTree = "<group>"; };
		040B48722AD5CC52007E4638 /* Info.plist */ = {isa = PBXFileReference; lastKnownFileType = text.plist.xml; path = Info.plist; sourceTree = "<group>"; };
		648415F62AD7E77E0064BA90 /* ArtistViewController.swift */ = {isa = PBXFileReference; lastKnownFileType = sourcecode.swift; path = ArtistViewController.swift; sourceTree = "<group>"; };
		648415F82AD81F1A0064BA90 /* AlbumCollectionViewCell.swift */ = {isa = PBXFileReference; lastKnownFileType = sourcecode.swift; path = AlbumCollectionViewCell.swift; sourceTree = "<group>"; };
		648415FA2AD847330064BA90 /* TrackList.swift */ = {isa = PBXFileReference; lastKnownFileType = sourcecode.swift; path = TrackList.swift; sourceTree = "<group>"; };
		C4010A0B2AD6894800CCC95B /* HomeViewController.swift */ = {isa = PBXFileReference; lastKnownFileType = sourcecode.swift; path = HomeViewController.swift; sourceTree = SOURCE_ROOT; };
		C4010A0D2AD6899600CCC95B /* SearchViewController.swift */ = {isa = PBXFileReference; lastKnownFileType = sourcecode.swift; path = SearchViewController.swift; sourceTree = SOURCE_ROOT; };
		C4010A102AD691CE00CCC95B /* artist.swift */ = {isa = PBXFileReference; lastKnownFileType = sourcecode.swift; path = artist.swift; sourceTree = "<group>"; };
		C4010A122AD6924500CCC95B /* album.swift */ = {isa = PBXFileReference; lastKnownFileType = sourcecode.swift; path = album.swift; sourceTree = "<group>"; };
		C4010A152AD694AD00CCC95B /* genre.swift */ = {isa = PBXFileReference; lastKnownFileType = sourcecode.swift; path = genre.swift; sourceTree = "<group>"; };
		C4010A182AD694D100CCC95B /* track.swift */ = {isa = PBXFileReference; lastKnownFileType = sourcecode.swift; path = track.swift; sourceTree = "<group>"; };
		C4010A1A2AD6C5B900CCC95B /* homeCollectionViewCell.swift */ = {isa = PBXFileReference; lastKnownFileType = sourcecode.swift; name = homeCollectionViewCell.swift; path = musicWave/models/homeCollectionViewCell.swift; sourceTree = SOURCE_ROOT; };
		C48FC2A12AD7DC7700C39E09 /* AudioPlayer.swift */ = {isa = PBXFileReference; lastKnownFileType = sourcecode.swift; path = AudioPlayer.swift; sourceTree = "<group>"; };
		C48FC2A42AD7E38900C39E09 /* ArtistCollectionViewCell.swift */ = {isa = PBXFileReference; lastKnownFileType = sourcecode.swift; path = ArtistCollectionViewCell.swift; sourceTree = "<group>"; };
		C48FC2A62AD7E3B700C39E09 /* TapGestureRecognizerWithId.swift */ = {isa = PBXFileReference; lastKnownFileType = sourcecode.swift; path = TapGestureRecognizerWithId.swift; sourceTree = "<group>"; };
		C48FC2A82AD82FFF00C39E09 /* TrackListViewController.swift */ = {isa = PBXFileReference; lastKnownFileType = sourcecode.swift; path = TrackListViewController.swift; sourceTree = "<group>"; };
		C48FC2AA2AD835D100C39E09 /* trackTableViewCell.swift */ = {isa = PBXFileReference; lastKnownFileType = sourcecode.swift; path = trackTableViewCell.swift; sourceTree = "<group>"; };
		C4F9F6332AD6F56E00402808 /* PlayerViewController.swift */ = {isa = PBXFileReference; lastKnownFileType = sourcecode.swift; path = PlayerViewController.swift; sourceTree = SOURCE_ROOT; };
/* End PBXFileReference section */

/* Begin PBXFrameworksBuildPhase section */
		040B485E2AD5CC4F007E4638 /* Frameworks */ = {
			isa = PBXFrameworksBuildPhase;
			buildActionMask = 2147483647;
			files = (
			);
			runOnlyForDeploymentPostprocessing = 0;
		};
/* End PBXFrameworksBuildPhase section */

/* Begin PBXGroup section */
		040B48582AD5CC4F007E4638 = {
			isa = PBXGroup;
			children = (
				040B48632AD5CC4F007E4638 /* musicWave */,
				040B48622AD5CC4F007E4638 /* Products */,
			);
			sourceTree = "<group>";
		};
		040B48622AD5CC4F007E4638 /* Products */ = {
			isa = PBXGroup;
			children = (
				040B48612AD5CC4F007E4638 /* musicWave.app */,
			);
			name = Products;
			sourceTree = "<group>";
		};
		040B48632AD5CC4F007E4638 /* musicWave */ = {
			isa = PBXGroup;
			children = (
				C48FC2A02AD7DC2500C39E09 /* utils */,
				045B121B2AD5D28C0049B2D4 /* views */,
				045B121A2AD5D2860049B2D4 /* models */,
				045B12192AD5D27F0049B2D4 /* controllers */,
				040B48642AD5CC4F007E4638 /* AppDelegate.swift */,
				040B48662AD5CC4F007E4638 /* SceneDelegate.swift */,
				040B486A2AD5CC4F007E4638 /* Main.storyboard */,
				040B486D2AD5CC52007E4638 /* Assets.xcassets */,
				040B486F2AD5CC52007E4638 /* LaunchScreen.storyboard */,
				040B48722AD5CC52007E4638 /* Info.plist */,
			);
			path = musicWave;
			sourceTree = "<group>";
		};
		045B12192AD5D27F0049B2D4 /* controllers */ = {
			isa = PBXGroup;
			children = (
				040B48682AD5CC4F007E4638 /* ViewController.swift */,
			);
			path = controllers;
			sourceTree = "<group>";
		};
		045B121A2AD5D2860049B2D4 /* models */ = {
			isa = PBXGroup;
			children = (
				C4010A102AD691CE00CCC95B /* artist.swift */,
				C4010A122AD6924500CCC95B /* album.swift */,
				C4010A152AD694AD00CCC95B /* genre.swift */,
				C4010A182AD694D100CCC95B /* track.swift */,
				C48FC2A62AD7E3B700C39E09 /* TapGestureRecognizerWithId.swift */,
				648415FA2AD847330064BA90 /* TrackList.swift */,
			);
			path = models;
			sourceTree = "<group>";
		};
		045B121B2AD5D28C0049B2D4 /* views */ = {
			isa = PBXGroup;
			children = (
				C4010A0B2AD6894800CCC95B /* HomeViewController.swift */,
				C4F9F6332AD6F56E00402808 /* PlayerViewController.swift */,
				C4010A0D2AD6899600CCC95B /* SearchViewController.swift */,
				C4010A1A2AD6C5B900CCC95B /* homeCollectionViewCell.swift */,
				C48FC2A42AD7E38900C39E09 /* ArtistCollectionViewCell.swift */,
				648415F62AD7E77E0064BA90 /* ArtistViewController.swift */,
				648415F82AD81F1A0064BA90 /* AlbumCollectionViewCell.swift */,
				C48FC2A82AD82FFF00C39E09 /* TrackListViewController.swift */,
				C48FC2AA2AD835D100C39E09 /* trackTableViewCell.swift */,
			);
			path = views;
			sourceTree = "<group>";
		};
		C48FC2A02AD7DC2500C39E09 /* utils */ = {
			isa = PBXGroup;
			children = (
				C48FC2A12AD7DC7700C39E09 /* AudioPlayer.swift */,
			);
			path = utils;
			sourceTree = "<group>";
		};
/* End PBXGroup section */

/* Begin PBXNativeTarget section */
		040B48602AD5CC4F007E4638 /* musicWave */ = {
			isa = PBXNativeTarget;
			buildConfigurationList = 040B48752AD5CC53007E4638 /* Build configuration list for PBXNativeTarget "musicWave" */;
			buildPhases = (
				040B485D2AD5CC4F007E4638 /* Sources */,
				040B485E2AD5CC4F007E4638 /* Frameworks */,
				040B485F2AD5CC4F007E4638 /* Resources */,
			);
			buildRules = (
			);
			dependencies = (
			);
			name = musicWave;
			productName = musicWave;
			productReference = 040B48612AD5CC4F007E4638 /* musicWave.app */;
			productType = "com.apple.product-type.application";
		};
/* End PBXNativeTarget section */

/* Begin PBXProject section */
		040B48592AD5CC4F007E4638 /* Project object */ = {
			isa = PBXProject;
			attributes = {
				BuildIndependentTargetsInParallel = 1;
				LastSwiftUpdateCheck = 1420;
				LastUpgradeCheck = 1420;
				TargetAttributes = {
					040B48602AD5CC4F007E4638 = {
						CreatedOnToolsVersion = 14.2;
					};
				};
			};
			buildConfigurationList = 040B485C2AD5CC4F007E4638 /* Build configuration list for PBXProject "musicWave" */;
			compatibilityVersion = "Xcode 14.0";
			developmentRegion = en;
			hasScannedForEncodings = 0;
			knownRegions = (
				en,
				Base,
			);
			mainGroup = 040B48582AD5CC4F007E4638;
			productRefGroup = 040B48622AD5CC4F007E4638 /* Products */;
			projectDirPath = "";
			projectRoot = "";
			targets = (
				040B48602AD5CC4F007E4638 /* musicWave */,
			);
		};
/* End PBXProject section */

/* Begin PBXResourcesBuildPhase section */
		040B485F2AD5CC4F007E4638 /* Resources */ = {
			isa = PBXResourcesBuildPhase;
			buildActionMask = 2147483647;
			files = (
				040B48712AD5CC52007E4638 /* LaunchScreen.storyboard in Resources */,
				040B486E2AD5CC52007E4638 /* Assets.xcassets in Resources */,
				040B486C2AD5CC4F007E4638 /* Main.storyboard in Resources */,
			);
			runOnlyForDeploymentPostprocessing = 0;
		};
/* End PBXResourcesBuildPhase section */

/* Begin PBXSourcesBuildPhase section */
		040B485D2AD5CC4F007E4638 /* Sources */ = {
			isa = PBXSourcesBuildPhase;
			buildActionMask = 2147483647;
			files = (
				648415F92AD81F1A0064BA90 /* AlbumCollectionViewCell.swift in Sources */,
				C48FC2A92AD82FFF00C39E09 /* TrackListViewController.swift in Sources */,
				C4010A112AD691CE00CCC95B /* artist.swift in Sources */,
				C4010A0E2AD6899600CCC95B /* SearchViewController.swift in Sources */,
				C48FC2A72AD7E3B700C39E09 /* TapGestureRecognizerWithId.swift in Sources */,
				040B48692AD5CC4F007E4638 /* ViewController.swift in Sources */,
				C4010A1B2AD6C5B900CCC95B /* homeCollectionViewCell.swift in Sources */,
				C4010A132AD6924500CCC95B /* album.swift in Sources */,
				040B48652AD5CC4F007E4638 /* AppDelegate.swift in Sources */,
				C48FC2AB2AD835D100C39E09 /* trackTableViewCell.swift in Sources */,
				C4010A192AD694D100CCC95B /* track.swift in Sources */,
				040B48672AD5CC4F007E4638 /* SceneDelegate.swift in Sources */,
				C4010A0C2AD6894800CCC95B /* HomeViewController.swift in Sources */,
				C4F9F6342AD6F56E00402808 /* PlayerViewController.swift in Sources */,
				648415FB2AD847330064BA90 /* TrackList.swift in Sources */,
				C48FC2A52AD7E38900C39E09 /* ArtistCollectionViewCell.swift in Sources */,
				C4010A162AD694AD00CCC95B /* genre.swift in Sources */,
				C48FC2A22AD7DC7700C39E09 /* AudioPlayer.swift in Sources */,
				648415F72AD7E77E0064BA90 /* ArtistViewController.swift in Sources */,
			);
			runOnlyForDeploymentPostprocessing = 0;
		};
/* End PBXSourcesBuildPhase section */

/* Begin PBXVariantGroup section */
		040B486A2AD5CC4F007E4638 /* Main.storyboard */ = {
			isa = PBXVariantGroup;
			children = (
				040B486B2AD5CC4F007E4638 /* Base */,
			);
			name = Main.storyboard;
			sourceTree = "<group>";
		};
		040B486F2AD5CC52007E4638 /* LaunchScreen.storyboard */ = {
			isa = PBXVariantGroup;
			children = (
				040B48702AD5CC52007E4638 /* Base */,
			);
			name = LaunchScreen.storyboard;
			sourceTree = "<group>";
		};
/* End PBXVariantGroup section */

/* Begin XCBuildConfiguration section */
		040B48732AD5CC52007E4638 /* Debug */ = {
			isa = XCBuildConfiguration;
			buildSettings = {
				ALWAYS_SEARCH_USER_PATHS = NO;
				CLANG_ANALYZER_NONNULL = YES;
				CLANG_ANALYZER_NUMBER_OBJECT_CONVERSION = YES_AGGRESSIVE;
				CLANG_CXX_LANGUAGE_STANDARD = "gnu++20";
				CLANG_ENABLE_MODULES = YES;
				CLANG_ENABLE_OBJC_ARC = YES;
				CLANG_ENABLE_OBJC_WEAK = YES;
				CLANG_WARN_BLOCK_CAPTURE_AUTORELEASING = YES;
				CLANG_WARN_BOOL_CONVERSION = YES;
				CLANG_WARN_COMMA = YES;
				CLANG_WARN_CONSTANT_CONVERSION = YES;
				CLANG_WARN_DEPRECATED_OBJC_IMPLEMENTATIONS = YES;
				CLANG_WARN_DIRECT_OBJC_ISA_USAGE = YES_ERROR;
				CLANG_WARN_DOCUMENTATION_COMMENTS = YES;
				CLANG_WARN_EMPTY_BODY = YES;
				CLANG_WARN_ENUM_CONVERSION = YES;
				CLANG_WARN_INFINITE_RECURSION = YES;
				CLANG_WARN_INT_CONVERSION = YES;
				CLANG_WARN_NON_LITERAL_NULL_CONVERSION = YES;
				CLANG_WARN_OBJC_IMPLICIT_RETAIN_SELF = YES;
				CLANG_WARN_OBJC_LITERAL_CONVERSION = YES;
				CLANG_WARN_OBJC_ROOT_CLASS = YES_ERROR;
				CLANG_WARN_QUOTED_INCLUDE_IN_FRAMEWORK_HEADER = YES;
				CLANG_WARN_RANGE_LOOP_ANALYSIS = YES;
				CLANG_WARN_STRICT_PROTOTYPES = YES;
				CLANG_WARN_SUSPICIOUS_MOVE = YES;
				CLANG_WARN_UNGUARDED_AVAILABILITY = YES_AGGRESSIVE;
				CLANG_WARN_UNREACHABLE_CODE = YES;
				CLANG_WARN__DUPLICATE_METHOD_MATCH = YES;
				COPY_PHASE_STRIP = NO;
				DEBUG_INFORMATION_FORMAT = dwarf;
				ENABLE_STRICT_OBJC_MSGSEND = YES;
				ENABLE_TESTABILITY = YES;
				GCC_C_LANGUAGE_STANDARD = gnu11;
				GCC_DYNAMIC_NO_PIC = NO;
				GCC_NO_COMMON_BLOCKS = YES;
				GCC_OPTIMIZATION_LEVEL = 0;
				GCC_PREPROCESSOR_DEFINITIONS = (
					"DEBUG=1",
					"$(inherited)",
				);
				GCC_WARN_64_TO_32_BIT_CONVERSION = YES;
				GCC_WARN_ABOUT_RETURN_TYPE = YES_ERROR;
				GCC_WARN_UNDECLARED_SELECTOR = YES;
				GCC_WARN_UNINITIALIZED_AUTOS = YES_AGGRESSIVE;
				GCC_WARN_UNUSED_FUNCTION = YES;
				GCC_WARN_UNUSED_VARIABLE = YES;
				IPHONEOS_DEPLOYMENT_TARGET = 16.2;
				MTL_ENABLE_DEBUG_INFO = INCLUDE_SOURCE;
				MTL_FAST_MATH = YES;
				ONLY_ACTIVE_ARCH = YES;
				SDKROOT = iphoneos;
				SWIFT_ACTIVE_COMPILATION_CONDITIONS = DEBUG;
				SWIFT_OPTIMIZATION_LEVEL = "-Onone";
			};
			name = Debug;
		};
		040B48742AD5CC52007E4638 /* Release */ = {
			isa = XCBuildConfiguration;
			buildSettings = {
				ALWAYS_SEARCH_USER_PATHS = NO;
				CLANG_ANALYZER_NONNULL = YES;
				CLANG_ANALYZER_NUMBER_OBJECT_CONVERSION = YES_AGGRESSIVE;
				CLANG_CXX_LANGUAGE_STANDARD = "gnu++20";
				CLANG_ENABLE_MODULES = YES;
				CLANG_ENABLE_OBJC_ARC = YES;
				CLANG_ENABLE_OBJC_WEAK = YES;
				CLANG_WARN_BLOCK_CAPTURE_AUTORELEASING = YES;
				CLANG_WARN_BOOL_CONVERSION = YES;
				CLANG_WARN_COMMA = YES;
				CLANG_WARN_CONSTANT_CONVERSION = YES;
				CLANG_WARN_DEPRECATED_OBJC_IMPLEMENTATIONS = YES;
				CLANG_WARN_DIRECT_OBJC_ISA_USAGE = YES_ERROR;
				CLANG_WARN_DOCUMENTATION_COMMENTS = YES;
				CLANG_WARN_EMPTY_BODY = YES;
				CLANG_WARN_ENUM_CONVERSION = YES;
				CLANG_WARN_INFINITE_RECURSION = YES;
				CLANG_WARN_INT_CONVERSION = YES;
				CLANG_WARN_NON_LITERAL_NULL_CONVERSION = YES;
				CLANG_WARN_OBJC_IMPLICIT_RETAIN_SELF = YES;
				CLANG_WARN_OBJC_LITERAL_CONVERSION = YES;
				CLANG_WARN_OBJC_ROOT_CLASS = YES_ERROR;
				CLANG_WARN_QUOTED_INCLUDE_IN_FRAMEWORK_HEADER = YES;
				CLANG_WARN_RANGE_LOOP_ANALYSIS = YES;
				CLANG_WARN_STRICT_PROTOTYPES = YES;
				CLANG_WARN_SUSPICIOUS_MOVE = YES;
				CLANG_WARN_UNGUARDED_AVAILABILITY = YES_AGGRESSIVE;
				CLANG_WARN_UNREACHABLE_CODE = YES;
				CLANG_WARN__DUPLICATE_METHOD_MATCH = YES;
				COPY_PHASE_STRIP = NO;
				DEBUG_INFORMATION_FORMAT = "dwarf-with-dsym";
				ENABLE_NS_ASSERTIONS = NO;
				ENABLE_STRICT_OBJC_MSGSEND = YES;
				GCC_C_LANGUAGE_STANDARD = gnu11;
				GCC_NO_COMMON_BLOCKS = YES;
				GCC_WARN_64_TO_32_BIT_CONVERSION = YES;
				GCC_WARN_ABOUT_RETURN_TYPE = YES_ERROR;
				GCC_WARN_UNDECLARED_SELECTOR = YES;
				GCC_WARN_UNINITIALIZED_AUTOS = YES_AGGRESSIVE;
				GCC_WARN_UNUSED_FUNCTION = YES;
				GCC_WARN_UNUSED_VARIABLE = YES;
				IPHONEOS_DEPLOYMENT_TARGET = 16.2;
				MTL_ENABLE_DEBUG_INFO = NO;
				MTL_FAST_MATH = YES;
				SDKROOT = iphoneos;
				SWIFT_COMPILATION_MODE = wholemodule;
				SWIFT_OPTIMIZATION_LEVEL = "-O";
				VALIDATE_PRODUCT = YES;
			};
			name = Release;
		};
		040B48762AD5CC53007E4638 /* Debug */ = {
			isa = XCBuildConfiguration;
			buildSettings = {
				ASSETCATALOG_COMPILER_APPICON_NAME = AppIcon;
				ASSETCATALOG_COMPILER_GLOBAL_ACCENT_COLOR_NAME = AccentColor;
				CODE_SIGN_STYLE = Automatic;
				CURRENT_PROJECT_VERSION = 1;
				GENERATE_INFOPLIST_FILE = YES;
				INFOPLIST_FILE = musicWave/Info.plist;
				INFOPLIST_KEY_UIApplicationSupportsIndirectInputEvents = YES;
				INFOPLIST_KEY_UILaunchStoryboardName = LaunchScreen.storyboard;
				INFOPLIST_KEY_UIMainStoryboardFile = Main;
				INFOPLIST_KEY_UIStatusBarStyle = "";
				INFOPLIST_KEY_UISupportedInterfaceOrientations_iPad = "UIInterfaceOrientationPortrait UIInterfaceOrientationPortraitUpsideDown UIInterfaceOrientationLandscapeLeft UIInterfaceOrientationLandscapeRight";
				INFOPLIST_KEY_UISupportedInterfaceOrientations_iPhone = "UIInterfaceOrientationPortrait UIInterfaceOrientationLandscapeLeft UIInterfaceOrientationLandscapeRight";
				LD_RUNPATH_SEARCH_PATHS = (
					"$(inherited)",
					"@executable_path/Frameworks",
				);
				MARKETING_VERSION = 1.0;
				PRODUCT_BUNDLE_IDENTIFIER = dev.musicWave;
				PRODUCT_NAME = "$(TARGET_NAME)";
				SWIFT_EMIT_LOC_STRINGS = YES;
				SWIFT_VERSION = 5.0;
				TARGETED_DEVICE_FAMILY = "1,2";
			};
			name = Debug;
		};
		040B48772AD5CC53007E4638 /* Release */ = {
			isa = XCBuildConfiguration;
			buildSettings = {
				ASSETCATALOG_COMPILER_APPICON_NAME = AppIcon;
				ASSETCATALOG_COMPILER_GLOBAL_ACCENT_COLOR_NAME = AccentColor;
				CODE_SIGN_STYLE = Automatic;
				CURRENT_PROJECT_VERSION = 1;
				GENERATE_INFOPLIST_FILE = YES;
				INFOPLIST_FILE = musicWave/Info.plist;
				INFOPLIST_KEY_UIApplicationSupportsIndirectInputEvents = YES;
				INFOPLIST_KEY_UILaunchStoryboardName = LaunchScreen.storyboard;
				INFOPLIST_KEY_UIMainStoryboardFile = Main;
				INFOPLIST_KEY_UIStatusBarStyle = "";
				INFOPLIST_KEY_UISupportedInterfaceOrientations_iPad = "UIInterfaceOrientationPortrait UIInterfaceOrientationPortraitUpsideDown UIInterfaceOrientationLandscapeLeft UIInterfaceOrientationLandscapeRight";
				INFOPLIST_KEY_UISupportedInterfaceOrientations_iPhone = "UIInterfaceOrientationPortrait UIInterfaceOrientationLandscapeLeft UIInterfaceOrientationLandscapeRight";
				LD_RUNPATH_SEARCH_PATHS = (
					"$(inherited)",
					"@executable_path/Frameworks",
				);
				MARKETING_VERSION = 1.0;
				PRODUCT_BUNDLE_IDENTIFIER = dev.musicWave;
				PRODUCT_NAME = "$(TARGET_NAME)";
				SWIFT_EMIT_LOC_STRINGS = YES;
				SWIFT_VERSION = 5.0;
				TARGETED_DEVICE_FAMILY = "1,2";
			};
			name = Release;
		};
/* End XCBuildConfiguration section */

/* Begin XCConfigurationList section */
		040B485C2AD5CC4F007E4638 /* Build configuration list for PBXProject "musicWave" */ = {
			isa = XCConfigurationList;
			buildConfigurations = (
				040B48732AD5CC52007E4638 /* Debug */,
				040B48742AD5CC52007E4638 /* Release */,
			);
			defaultConfigurationIsVisible = 0;
			defaultConfigurationName = Release;
		};
		040B48752AD5CC53007E4638 /* Build configuration list for PBXNativeTarget "musicWave" */ = {
			isa = XCConfigurationList;
			buildConfigurations = (
				040B48762AD5CC53007E4638 /* Debug */,
				040B48772AD5CC53007E4638 /* Release */,
			);
			defaultConfigurationIsVisible = 0;
			defaultConfigurationName = Release;
		};
/* End XCConfigurationList section */
	};
	rootObject = 040B48592AD5CC4F007E4638 /* Project object */;
}
